
Microsoft Visual Studio Solution File, Format Version 12.00
# Visual Studio Version 17
VisualStudioVersion = 17.5.33502.453
MinimumVisualStudioVersion = 10.0.40219.1
Project("{9A19103F-16F7-4668-BE54-9A1E7A4F7556}") = "MyTeamsApp", "MyTeamsApp.csproj", "{73DC14CC-0A79-4CB7-A822-AF9888B032E9}"
EndProject
Global
	GlobalSection(SolutionConfigurationPlatforms) = preSolution
		Debug|Any CPU = Debug|Any CPU
		Release|Any CPU = Release|Any CPU
	EndGlobalSection
	GlobalSection(ProjectConfigurationPlatforms) = postSolution
		{73DC14CC-0A79-4CB7-A822-AF9888B032E9}.Debug|Any CPU.ActiveCfg = Debug|Any CPU
		{73DC14CC-0A79-4CB7-A822-AF9888B032E9}.Debug|Any CPU.Build.0 = Debug|Any CPU
		{73DC14CC-0A79-4CB7-A822-AF9888B032E9}.Debug|Any CPU.Deploy.0 = Debug|Any CPU
		{73DC14CC-0A79-4CB7-A822-AF9888B032E9}.Release|Any CPU.ActiveCfg = Release|Any CPU
		{73DC14CC-0A79-4CB7-A822-AF9888B032E9}.Release|Any CPU.Build.0 = Release|Any CPU
		{73DC14CC-0A79-4CB7-A822-AF9888B032E9}.Release|Any CPU.Deploy.0 = Release|Any CPU
	EndGlobalSection
	GlobalSection(SolutionProperties) = preSolution
		HideSolutionNode = FALSE
	EndGlobalSection
	GlobalSection(ExtensibilityGlobals) = postSolution
		SolutionGuid = {FE379B59-9069-4437-ABDB-6183342A0004}
	EndGlobalSection
EndGlobal
